Microsoft Visual Studio Solution File, Format Version 12.00
# Visual Studio Version 17
VisualStudioVersion = 17.5.2.0
MinimumVisualStudioVersion = 10.0.40219.1
Project("{2150E333-8FDC-42A3-9474-1A3956D46DE8}") = "ServerAhorcado", "ServerAhorcado", "{78BE76E1-2CA5-05F1-3CDB-BA1A880C97A9}"
EndProject
Project("{FAE04EC0-301F-11D3-BF4B-00C04F79EFBC}") = "ServerAhorcado", "ServerAhorcado\ServerAhorcado\ServerAhorcado.csproj", "{9FED456C-3016-6710-5CB4-5EE9104F6FE8}"
EndProject
Global
	GlobalSection(SolutionConfigurationPlatforms) = preSolution
		Debug|Any CPU = Debug|Any CPU
		Release|Any CPU = Release|Any CPU
	EndGlobalSection
	GlobalSection(ProjectConfigurationPlatforms) = postSolution
		{9FED456C-3016-6710-5CB4-5EE9104F6FE8}.Debug|Any CPU.ActiveCfg = Debug|Any CPU
		{9FED456C-3016-6710-5CB4-5EE9104F6FE8}.Debug|Any CPU.Build.0 = Debug|Any CPU
		{9FED456C-3016-6710-5CB4-5EE9104F6FE8}.Release|Any CPU.ActiveCfg = Release|Any CPU
		{9FED456C-3016-6710-5CB4-5EE9104F6FE8}.Release|Any CPU.Build.0 = Release|Any CPU
	EndGlobalSection
	GlobalSection(SolutionProperties) = preSolution
		HideSolutionNode = FALSE
	EndGlobalSection
	GlobalSection(NestedProjects) = preSolution
		{9FED456C-3016-6710-5CB4-5EE9104F6FE8} = {78BE76E1-2CA5-05F1-3CDB-BA1A880C97A9}
	EndGlobalSection
	GlobalSection(ExtensibilityGlobals) = postSolution
		SolutionGuid = {661FE905-F23A-46A0-B319-6401A12DBA55}
	EndGlobalSection
EndGlobal
