
Microsoft Visual Studio Solution File, Format Version 12.00
# Visual Studio Version 17
VisualStudioVersion = 17.14.36408.4
MinimumVisualStudioVersion = 10.0.40219.1
Project("{FAE04EC0-301F-11D3-BF4B-00C04F79EFBC}") = "ServerAhorcado", "ServerAhorcado\ServerAhorcado.csproj", "{9FB01698-7B49-44E6-8397-BE64B14BEA76}"
EndProject
Global
	GlobalSection(SolutionConfigurationPlatforms) = preSolution
		Debug|Any CPU = Debug|Any CPU
		Release|Any CPU = Release|Any CPU
	EndGlobalSection
	GlobalSection(ProjectConfigurationPlatforms) = postSolution
		{9FB01698-7B49-44E6-8397-BE64B14BEA76}.Debug|Any CPU.ActiveCfg = Debug|Any CPU
		{9FB01698-7B49-44E6-8397-BE64B14BEA76}.Debug|Any CPU.Build.0 = Debug|Any CPU
		{9FB01698-7B49-44E6-8397-BE64B14BEA76}.Release|Any CPU.ActiveCfg = Release|Any CPU
		{9FB01698-7B49-44E6-8397-BE64B14BEA76}.Release|Any CPU.Build.0 = Release|Any CPU
	EndGlobalSection
	GlobalSection(SolutionProperties) = preSolution
		HideSolutionNode = FALSE
	EndGlobalSection
	GlobalSection(ExtensibilityGlobals) = postSolution
		SolutionGuid = {253D0860-BD90-421A-9D1F-F435A84457B5}
	EndGlobalSection
EndGlobal
